
Microsoft Visual Studio Solution File, Format Version 12.00
# Visual Studio Version 17
VisualStudioVersion = 17.13.35931.197 d17.13
MinimumVisualStudioVersion = 10.0.40219.1
Project("{FAE04EC0-301F-11D3-BF4B-00C04F79EFBC}") = "RideSharingSystem", "RideSharingSystem.csproj", "{38459ABB-D36B-4007-9883-DB7BE4F1DD82}"
EndProject
Global
	GlobalSection(SolutionConfigurationPlatforms) = preSolution
		Debug|Any CPU = Debug|Any CPU
		Release|Any CPU = Release|Any CPU
	EndGlobalSection
	GlobalSection(ProjectConfigurationPlatforms) = postSolution
		{38459ABB-D36B-4007-9883-DB7BE4F1DD82}.Debug|Any CPU.ActiveCfg = Debug|Any CPU
		{38459ABB-D36B-4007-9883-DB7BE4F1DD82}.Debug|Any CPU.Build.0 = Debug|Any CPU
		{38459ABB-D36B-4007-9883-DB7BE4F1DD82}.Release|Any CPU.ActiveCfg = Release|Any CPU
		{38459ABB-D36B-4007-9883-DB7BE4F1DD82}.Release|Any CPU.Build.0 = Release|Any CPU
	EndGlobalSection
	GlobalSection(SolutionProperties) = preSolution
		HideSolutionNode = FALSE
	EndGlobalSection
	GlobalSection(ExtensibilityGlobals) = postSolution
		SolutionGuid = {CE09E1A7-B99F-4582-A680-CD95A0289B24}
	EndGlobalSection
EndGlobal
